
Microsoft Visual Studio Solution File, Format Version 12.00
# Visual Studio Version 17
VisualStudioVersion = 17.9.34616.47
MinimumVisualStudioVersion = 10.0.40219.1
Project("{FAE04EC0-301F-11D3-BF4B-00C04F79EFBC}") = "projestSwagger", "projestSwagger\projestSwagger.csproj", "{BA5C7431-4BF4-4339-9FFE-C10080B3F60F}"
EndProject
Global
	GlobalSection(SolutionConfigurationPlatforms) = preSolution
		Debug|Any CPU = Debug|Any CPU
		Release|Any CPU = Release|Any CPU
	EndGlobalSection
	GlobalSection(ProjectConfigurationPlatforms) = postSolution
		{BA5C7431-4BF4-4339-9FFE-C10080B3F60F}.Debug|Any CPU.ActiveCfg = Debug|Any CPU
		{BA5C7431-4BF4-4339-9FFE-C10080B3F60F}.Debug|Any CPU.Build.0 = Debug|Any CPU
		{BA5C7431-4BF4-4339-9FFE-C10080B3F60F}.Release|Any CPU.ActiveCfg = Release|Any CPU
		{BA5C7431-4BF4-4339-9FFE-C10080B3F60F}.Release|Any CPU.Build.0 = Release|Any CPU
	EndGlobalSection
	GlobalSection(SolutionProperties) = preSolution
		HideSolutionNode = FALSE
	EndGlobalSection
	GlobalSection(ExtensibilityGlobals) = postSolution
		SolutionGuid = {F80D1825-1834-4FDA-8314-EAB2876A3A06}
	EndGlobalSection
EndGlobal
